
Microsoft Visual Studio Solution File, Format Version 12.00
# Visual Studio 15
VisualStudioVersion = 15.0.26124.0
MinimumVisualStudioVersion = 15.0.26124.0
Project("{FAE04EC0-301F-11D3-BF4B-00C04F79EFBC}") = "Domain", "Domain\Domain.csproj", "{541BF732-E17B-464F-94C4-E751251D7998}"
EndProject
Project("{FAE04EC0-301F-11D3-BF4B-00C04F79EFBC}") = "Application", "Application\Application.csproj", "{F04D35E9-8A5D-4BDB-892F-844E11F7BBA7}"
EndProject
Project("{FAE04EC0-301F-11D3-BF4B-00C04F79EFBC}") = "API", "API\API.csproj", "{FD33123F-5213-4CB3-8008-F313174F115C}"
EndProject
Project("{FAE04EC0-301F-11D3	-BF4B-00C04F79EFBC}") = "Persistence", "Persistence\Persistence.csproj", "{565DF1CB-E977-4145-8D85-5755479A98B0}"
EndProject
Global
	GlobalSection(SolutionConfigurationPlatforms) = preSolution
		Debug|Any CPU = Debug|Any CPU
		Debug|x64 = Debug|x64
		Debug|x86 = Debug|x86
		Release|Any CPU = Release|Any CPU
		Release|x64 = Release|x64
		Release|x86 = Release|x86
	EndGlobalSection
	GlobalSection(SolutionProperties) = preSolution
		HideSolutionNode = FALSE
	EndGlobalSection
	GlobalSection(ProjectConfigurationPlatforms) = postSolution
		{541BF732-E17B-464F-94C4-E751251D7998}.Debug|Any CPU.ActiveCfg = Debug|Any CPU
		{541BF732-E17B-464F-94C4-E751251D7998}.Debug|Any CPU.Build.0 = Debug|Any CPU
		{541BF732-E17B-464F-94C4-E751251D7998}.Debug|x64.ActiveCfg = Debug|Any CPU
		{541BF732-E17B-464F-94C4-E751251D7998}.Debug|x64.Build.0 = Debug|Any CPU
		{541BF732-E17B-464F-94C4-E751251D7998}.Debug|x86.ActiveCfg = Debug|Any CPU
		{541BF732-E17B-464F-94C4-E751251D7998}.Debug|x86.Build.0 = Debug|Any CPU
		{541BF732-E17B-464F-94C4-E751251D7998}.Release|Any CPU.ActiveCfg = Release|Any CPU
		{541BF732-E17B-464F-94C4-E751251D7998}.Release|Any CPU.Build.0 = Release|Any CPU
		{541BF732-E17B-464F-94C4-E751251D7998}.Release|x64.ActiveCfg = Release|Any CPU
		{541BF732-E17B-464F-94C4-E751251D7998}.Release|x64.Build.0 = Release|Any CPU
		{541BF732-E17B-464F-94C4-E751251D7998}.Release|x86.ActiveCfg = Release|Any CPU
		{541BF732-E17B-464F-94C4-E751251D7998}.Release|x86.Build.0 = Release|Any CPU
		{F04D35E9-8A5D-4BDB-892F-844E11F7BBA7}.Debug|Any CPU.ActiveCfg = Debug|Any CPU
		{F04D35E9-8A5D-4BDB-892F-844E11F7BBA7}.Debug|Any CPU.Build.0 = Debug|Any CPU
		{F04D35E9-8A5D-4BDB-892F-844E11F7BBA7}.Debug|x64.ActiveCfg = Debug|Any CPU
		{F04D35E9-8A5D-4BDB-892F-844E11F7BBA7}.Debug|x64.Build.0 = Debug|Any CPU
		{F04D35E9-8A5D-4BDB-892F-844E11F7BBA7}.Debug|x86.ActiveCfg = Debug|Any CPU
		{F04D35E9-8A5D-4BDB-892F-844E11F7BBA7}.Debug|x86.Build.0 = Debug|Any CPU
		{F04D35E9-8A5D-4BDB-892F-844E11F7BBA7}.Release|Any CPU.ActiveCfg = Release|Any CPU
		{F04D35E9-8A5D-4BDB-892F-844E11F7BBA7}.Release|Any CPU.Build.0 = Release|Any CPU
		{F04D35E9-8A5D-4BDB-892F-844E11F7BBA7}.Release|x64.ActiveCfg = Release|Any CPU
		{F04D35E9-8A5D-4BDB-892F-844E11F7BBA7}.Release|x64.Build.0 = Release|Any CPU
		{F04D35E9-8A5D-4BDB-892F-844E11F7BBA7}.Release|x86.ActiveCfg = Release|Any CPU
		{F04D35E9-8A5D-4BDB-892F-844E11F7BBA7}.Release|x86.Build.0 = Release|Any CPU
		{FD33123F-5213-4CB3-8008-F313174F115C}.Debug|Any CPU.ActiveCfg = Debug|Any CPU
		{FD33123F-5213-4CB3-8008-F313174F115C}.Debug|Any CPU.Build.0 = Debug|Any CPU
		{FD33123F-5213-4CB3-8008-F313174F115C}.Debug|x64.ActiveCfg = Debug|Any CPU
		{FD33123F-5213-4CB3-8008-F313174F115C}.Debug|x64.Build.0 = Debug|Any CPU
		{FD33123F-5213-4CB3-8008-F313174F115C}.Debug|x86.ActiveCfg = Debug|Any CPU
		{FD33123F-5213-4CB3-8008-F313174F115C}.Debug|x86.Build.0 = Debug|Any CPU
		{FD33123F-5213-4CB3-8008-F313174F115C}.Release|Any CPU.ActiveCfg = Release|Any CPU
		{FD33123F-5213-4CB3-8008-F313174F115C}.Release|Any CPU.Build.0 = Release|Any CPU
		{FD33123F-5213-4CB3-8008-F313174F115C}.Release|x64.ActiveCfg = Release|Any CPU
		{FD33123F-5213-4CB3-8008-F313174F115C}.Release|x64.Build.0 = Release|Any CPU
		{FD33123F-5213-4CB3-8008-F313174F115C}.Release|x86.ActiveCfg = Release|Any CPU
		{FD33123F-5213-4CB3-8008-F313174F115C}.Release|x86.Build.0 = Release|Any CPU
		{565DF1CB-E977-4145-8D85-5755479A98B0}.Debug|Any CPU.ActiveCfg = Debug|Any CPU
		{565DF1CB-E977-4145-8D85-5755479A98B0}.Debug|Any CPU.Build.0 = Debug|Any CPU
		{565DF1CB-E977-4145-8D85-5755479A98B0}.Debug|x64.ActiveCfg = Debug|Any CPU
		{565DF1CB-E977-4145-8D85-5755479A98B0}.Debug|x64.Build.0 = Debug|Any CPU
		{565DF1CB-E977-4145-8D85-5755479A98B0}.Debug|x86.ActiveCfg = Debug|Any CPU
		{565DF1CB-E977-4145-8D85-5755479A98B0}.Debug|x86.Build.0 = Debug|Any CPU
		{565DF1CB-E977-4145-8D85-5755479A98B0}.Release|Any CPU.ActiveCfg = Release|Any CPU
		{565DF1CB-E977-4145-8D85-5755479A98B0}.Release|Any CPU.Build.0 = Release|Any CPU
		{565DF1CB-E977-4145-8D85-5755479A98B0}.Release|x64.ActiveCfg = Release|Any CPU
		{565DF1CB-E977-4145-8D85-5755479A98B0}.Release|x64.Build.0 = Release|Any CPU
		{565DF1CB-E977-4145-8D85-5755479A98B0}.Release|x86.ActiveCfg = Release|Any CPU
		{565DF1CB-E977-4145-8D85-5755479A98B0}.Release|x86.Build.0 = Release|Any CPU
	EndGlobalSection
EndGlobal
